
Microsoft Visual Studio Solution File, Format Version 12.00
Project("{FAE04EC0-301F-11D3-BF4B-00C04F79EFBC}") = "HtmlParsing", "HtmlParsing\HtmlParsing.csproj", "{32EE07C3-8674-4D65-B729-A6A9D4C131F7}"
EndProject
Project("{FAE04EC0-301F-11D3-BF4B-00C04F79EFBC}") = "Tests", "Tests\Tests.csproj", "{0A52EF56-5A0E-42E0-9A4D-A781536BB871}"
EndProject
Project("{FAE04EC0-301F-11D3-BF4B-00C04F79EFBC}") = "XPathParsing", "XPathParsing\XPathParsing.csproj", "{2D66C15B-A1D3-476A-A6AA-8E997DDB4275}"
EndProject
Global
	GlobalSection(SolutionConfigurationPlatforms) = preSolution
		Debug|Any CPU = Debug|Any CPU
		Release|Any CPU = Release|Any CPU
	EndGlobalSection
	GlobalSection(ProjectConfigurationPlatforms) = postSolution
		{32EE07C3-8674-4D65-B729-A6A9D4C131F7}.Debug|Any CPU.ActiveCfg = Debug|Any CPU
		{32EE07C3-8674-4D65-B729-A6A9D4C131F7}.Debug|Any CPU.Build.0 = Debug|Any CPU
		{32EE07C3-8674-4D65-B729-A6A9D4C131F7}.Release|Any CPU.ActiveCfg = Release|Any CPU
		{32EE07C3-8674-4D65-B729-A6A9D4C131F7}.Release|Any CPU.Build.0 = Release|Any CPU
		{0A52EF56-5A0E-42E0-9A4D-A781536BB871}.Debug|Any CPU.ActiveCfg = Debug|Any CPU
		{0A52EF56-5A0E-42E0-9A4D-A781536BB871}.Debug|Any CPU.Build.0 = Debug|Any CPU
		{0A52EF56-5A0E-42E0-9A4D-A781536BB871}.Release|Any CPU.ActiveCfg = Release|Any CPU
		{0A52EF56-5A0E-42E0-9A4D-A781536BB871}.Release|Any CPU.Build.0 = Release|Any CPU
		{2D66C15B-A1D3-476A-A6AA-8E997DDB4275}.Debug|Any CPU.ActiveCfg = Debug|Any CPU
		{2D66C15B-A1D3-476A-A6AA-8E997DDB4275}.Debug|Any CPU.Build.0 = Debug|Any CPU
		{2D66C15B-A1D3-476A-A6AA-8E997DDB4275}.Release|Any CPU.ActiveCfg = Release|Any CPU
		{2D66C15B-A1D3-476A-A6AA-8E997DDB4275}.Release|Any CPU.Build.0 = Release|Any CPU
	EndGlobalSection
EndGlobal
